// !$*UTF8*$!
{
	archiveVersion = 1;
	classes = {
	};
	objectVersion = 46;
	objects = {

/* Begin PBXBuildFile section */
		367046661DD56F660003D5F9 /* AppDelegate.swift in Sources */ = {isa = PBXBuildFile; fileRef = 367046651DD56F660003D5F9 /* AppDelegate.swift */; };
		367046681DD56F660003D5F9 /* ViewController.swift in Sources */ = {isa = PBXBuildFile; fileRef = 367046671DD56F660003D5F9 /* ViewController.swift */; };
		3670466B1DD56F660003D5F9 /* Main.storyboard in Resources */ = {isa = PBXBuildFile; fileRef = 367046691DD56F660003D5F9 /* Main.storyboard */; };
		3670466D1DD56F660003D5F9 /* Assets.xcassets in Resources */ = {isa = PBXBuildFile; fileRef = 3670466C1DD56F660003D5F9 /* Assets.xcassets */; };
		367046701DD56F660003D5F9 /* LaunchScreen.storyboard in Resources */ = {isa = PBXBuildFile; fileRef = 3670466E1DD56F660003D5F9 /* LaunchScreen.storyboard */; };
		367046781DD574260003D5F9 /* KKPopupView.swift in Sources */ = {isa = PBXBuildFile; fileRef = 367046771DD574260003D5F9 /* KKPopupView.swift */; };
/* End PBXBuildFile section */

/* Begin PBXFileReference section */
		367046621DD56F660003D5F9 /* KKPopupView.app */ = {isa = PBXFileReference; explicitFileType = wrapper.application; includeInIndex = 0; path = KKPopupView.app; sourceTree = BUILT_PRODUCTS_DIR; };
		367046651DD56F660003D5F9 /* AppDelegate.swift */ = {isa = PBXFileReference; lastKnownFileType = sourcecode.swift; path = AppDelegate.swift; sourceTree = "<group>"; };
		367046671DD56F660003D5F9 /* ViewController.swift */ = {isa = PBXFileReference; lastKnownFileType = sourcecode.swift; path = ViewController.swift; sourceTree = "<group>"; };
		3670466A1DD56F660003D5F9 /* Base */ = {isa = PBXFileReference; lastKnownFileType = file.storyboard; name = Base; path = Base.lproj/Main.storyboard; sourceTree = "<group>"; };
		3670466C1DD56F660003D5F9 /* Assets.xcassets */ = {isa = PBXFileReference; lastKnownFileType = folder.assetcatalog; path = Assets.xcassets; sourceTree = "<group>"; };
		3670466F1DD56F660003D5F9 /* Base */ = {isa = PBXFileReference; lastKnownFileType = file.storyboard; name = Base; path = Base.lproj/LaunchScreen.storyboard; sourceTree = "<group>"; };
		367046711DD56F660003D5F9 /* Info.plist */ = {isa = PBXFileReference; lastKnownFileType = text.plist.xml; path = Info.plist; sourceTree = "<group>"; };
		367046771DD574260003D5F9 /* KKPopupView.swift */ = {isa = PBXFileReference; fileEncoding = 4; lastKnownFileType = sourcecode.swift; path = KKPopupView.swift; sourceTree = "<group>"; };
/* End PBXFileReference section */

/* Begin PBXFrameworksBuildPhase section */
		3670465F1DD56F660003D5F9 /* Frameworks */ = {
			isa = PBXFrameworksBuildPhase;
			buildActionMask = 2147483647;
			files = (
			);
			runOnlyForDeploymentPostprocessing = 0;
		};
/* End PBXFrameworksBuildPhase section */

/* Begin PBXGroup section */
		367046591DD56F660003D5F9 = {
			isa = PBXGroup;
			children = (
				367046641DD56F660003D5F9 /* KKPopupView */,
				367046631DD56F660003D5F9 /* Products */,
			);
			sourceTree = "<group>";
		};
		367046631DD56F660003D5F9 /* Products */ = {
			isa = PBXGroup;
			children = (
				367046621DD56F660003D5F9 /* KKPopupView.app */,
			);
			name = Products;
			sourceTree = "<group>";
		};
		367046641DD56F660003D5F9 /* KKPopupView */ = {
			isa = PBXGroup;
			children = (
				367046651DD56F660003D5F9 /* AppDelegate.swift */,
				367046671DD56F660003D5F9 /* ViewController.swift */,
				367046771DD574260003D5F9 /* KKPopupView.swift */,
				367046691DD56F660003D5F9 /* Main.storyboard */,
				3670466C1DD56F660003D5F9 /* Assets.xcassets */,
				3670466E1DD56F660003D5F9 /* LaunchScreen.storyboard */,
				367046711DD56F660003D5F9 /* Info.plist */,
			);
			path = KKPopupView;
			sourceTree = "<group>";
		};
/* End PBXGroup section */

/* Begin PBXNativeTarget section */
		367046611DD56F660003D5F9 /* KKPopupView */ = {
			isa = PBXNativeTarget;
			buildConfigurationList = 367046741DD56F660003D5F9 /* Build configuration list for PBXNativeTarget "KKPopupView" */;
			buildPhases = (
				3670465E1DD56F660003D5F9 /* Sources */,
				3670465F1DD56F660003D5F9 /* Frameworks */,
				367046601DD56F660003D5F9 /* Resources */,
			);
			buildRules = (
			);
			dependencies = (
			);
			name = KKPopupView;
			productName = KKPopupView;
			productReference = 367046621DD56F660003D5F9 /* KKPopupView.app */;
			productType = "com.apple.product-type.application";
		};
/* End PBXNativeTarget section */

/* Begin PBXProject section */
		3670465A1DD56F660003D5F9 /* Project object */ = {
			isa = PBXProject;
			attributes = {
				LastSwiftUpdateCheck = 0800;
				LastUpgradeCheck = 0800;
				ORGANIZATIONNAME = "Kenan Karakecili";
				TargetAttributes = {
					367046611DD56F660003D5F9 = {
						CreatedOnToolsVersion = 8.0;
						ProvisioningStyle = Automatic;
					};
				};
			};
			buildConfigurationList = 3670465D1DD56F660003D5F9 /* Build configuration list for PBXProject "KKPopupView" */;
			compatibilityVersion = "Xcode 3.2";
			developmentRegion = English;
			hasScannedForEncodings = 0;
			knownRegions = (
				en,
				Base,
			);
			mainGroup = 367046591DD56F660003D5F9;
			productRefGroup = 367046631DD56F660003D5F9 /* Products */;
			projectDirPath = "";
			projectRoot = "";
			targets = (
				367046611DD56F660003D5F9 /* KKPopupView */,
			);
		};
/* End PBXProject section */

/* Begin PBXResourcesBuildPhase section */
		367046601DD56F660003D5F9 /* Resources */ = {
			isa = PBXResourcesBuildPhase;
			buildActionMask = 2147483647;
			files = (
				367046701DD56F660003D5F9 /* LaunchScreen.storyboard in Resources */,
				3670466D1DD56F660003D5F9 /* Assets.xcassets in Resources */,
				3670466B1DD56F660003D5F9 /* Main.storyboard in Resources */,
			);
			runOnlyForDeploymentPostprocessing = 0;
		};
/* End PBXResourcesBuildPhase section */

/* Begin PBXSourcesBuildPhase section */
		3670465E1DD56F660003D5F9 /* Sources */ = {
			isa = PBXSourcesBuildPhase;
			buildActionMask = 2147483647;
			files = (
				367046681DD56F660003D5F9 /* ViewController.swift in Sources */,
				367046781DD574260003D5F9 /* KKPopupView.swift in Sources */,
				367046661DD56F660003D5F9 /* AppDelegate.swift in Sources */,
			);
			runOnlyForDeploymentPostprocessing = 0;
		};
/* End PBXSourcesBuildPhase section */

/* Begin PBXVariantGroup section */
		367046691DD56F660003D5F9 /* Main.storyboard */ = {
			isa = PBXVariantGroup;
			children = (
				3670466A1DD56F660003D5F9 /* Base */,
			);
			name = Main.storyboard;
			sourceTree = "<group>";
		};
		3670466E1DD56F660003D5F9 /* LaunchScreen.storyboard */ = {
			isa = PBXVariantGroup;
			children = (
				3670466F1DD56F660003D5F9 /* Base */,
			);
			name = LaunchScreen.storyboard;
			sourceTree = "<group>";
		};
/* End PBXVariantGroup section */

/* Begin XCBuildConfiguration section */
		367046721DD56F660003D5F9 /* Debug */ = {
			isa = XCBuildConfiguration;
			buildSettings = {
				ALWAYS_SEARCH_USER_PATHS = NO;
				CLANG_ANALYZER_NONNULL = YES;
				CLANG_CXX_LANGUAGE_STANDARD = "gnu++0x";
				CLANG_CXX_LIBRARY = "libc++";
				CLANG_ENABLE_MODULES = YES;
				CLANG_ENABLE_OBJC_ARC = YES;
				CLANG_WARN_BOOL_CONVERSION = YES;
				CLANG_WARN_CONSTANT_CONVERSION = YES;
				CLANG_WARN_DIRECT_OBJC_ISA_USAGE = YES_ERROR;
				CLANG_WARN_DOCUMENTATION_COMMENTS = YES;
				CLANG_WARN_EMPTY_BODY = YES;
				CLANG_WARN_ENUM_CONVERSION = YES;
				CLANG_WARN_INFINITE_RECURSION = YES;
				CLANG_WARN_INT_CONVERSION = YES;
				CLANG_WARN_OBJC_ROOT_CLASS = YES_ERROR;
				CLANG_WARN_SUSPICIOUS_MOVES = YES;
				CLANG_WARN_UNREACHABLE_CODE = YES;
				CLANG_WARN__DUPLICATE_METHOD_MATCH = YES;
				"CODE_SIGN_IDENTITY[sdk=iphoneos*]" = "iPhone Developer";
				COPY_PHASE_STRIP = NO;
				DEBUG_INFORMATION_FORMAT = dwarf;
				ENABLE_STRICT_OBJC_MSGSEND = YES;
				ENABLE_TESTABILITY = YES;
				GCC_C_LANGUAGE_STANDARD = gnu99;
				GCC_DYNAMIC_NO_PIC = NO;
				GCC_NO_COMMON_BLOCKS = YES;
				GCC_OPTIMIZATION_LEVEL = 0;
				GCC_PREPROCESSOR_DEFINITIONS = (
					"DEBUG=1",
					"$(inherited)",
				);
				GCC_WARN_64_TO_32_BIT_CONVERSION = YES;
				GCC_WARN_ABOUT_RETURN_TYPE = YES_ERROR;
				GCC_WARN_UNDECLARED_SELECTOR = YES;
				GCC_WARN_UNINITIALIZED_AUTOS = YES_AGGRESSIVE;
				GCC_WARN_UNUSED_FUNCTION = YES;
				GCC_WARN_UNUSED_VARIABLE = YES;
				IPHONEOS_DEPLOYMENT_TARGET = 10.0;
				MTL_ENABLE_DEBUG_INFO = YES;
				ONLY_ACTIVE_ARCH = YES;
				SDKROOT = iphoneos;
				SWIFT_ACTIVE_COMPILATION_CONDITIONS = DEBUG;
				SWIFT_OPTIMIZATION_LEVEL = "-Onone";
			};
			name = Debug;
		};
		367046731DD56F660003D5F9 /* Release */ = {
			isa = XCBuildConfiguration;
			buildSettings = {
				ALWAYS_SEARCH_USER_PATHS = NO;
				CLANG_ANALYZER_NONNULL = YES;
				CLANG_CXX_LANGUAGE_STANDARD = "gnu++0x";
				CLANG_CXX_LIBRARY = "libc++";
				CLANG_ENABLE_MODULES = YES;
				CLANG_ENABLE_OBJC_ARC = YES;
				CLANG_WARN_BOOL_CONVERSION = YES;
				CLANG_WARN_CONSTANT_CONVERSION = YES;
				CLANG_WARN_DIRECT_OBJC_ISA_USAGE = YES_ERROR;
				CLANG_WARN_DOCUMENTATION_COMMENTS = YES;
				CLANG_WARN_EMPTY_BODY = YES;
				CLANG_WARN_ENUM_CONVERSION = YES;
				CLANG_WARN_INFINITE_RECURSION = YES;
				CLANG_WARN_INT_CONVERSION = YES;
				CLANG_WARN_OBJC_ROOT_CLASS = YES_ERROR;
				CLANG_WARN_SUSPICIOUS_MOVES = YES;
				CLANG_WARN_UNREACHABLE_CODE = YES;
				CLANG_WARN__DUPLICATE_METHOD_MATCH = YES;
				"CODE_SIGN_IDENTITY[sdk=iphoneos*]" = "iPhone Developer";
				COPY_PHASE_STRIP = NO;
				DEBUG_INFORMATION_FORMAT = "dwarf-with-dsym";
				ENABLE_NS_ASSERTIONS = NO;
				ENABLE_STRICT_OBJC_MSGSEND = YES;
				GCC_C_LANGUAGE_STANDARD = gnu99;
				GCC_NO_COMMON_BLOCKS = YES;
				GCC_WARN_64_TO_32_BIT_CONVERSION = YES;
				GCC_WARN_ABOUT_RETURN_TYPE = YES_ERROR;
				GCC_WARN_UNDECLARED_SELECTOR = YES;
				GCC_WARN_UNINITIALIZED_AUTOS = YES_AGGRESSIVE;
				GCC_WARN_UNUSED_FUNCTION = YES;
				GCC_WARN_UNUSED_VARIABLE = YES;
				IPHONEOS_DEPLOYMENT_TARGET = 10.0;
				MTL_ENABLE_DEBUG_INFO = NO;
				SDKROOT = iphoneos;
				SWIFT_OPTIMIZATION_LEVEL = "-Owholemodule";
				VALIDATE_PRODUCT = YES;
			};
			name = Release;
		};
		367046751DD56F660003D5F9 /* Debug */ = {
			isa = XCBuildConfiguration;
			buildSettings = {
				ASSETCATALOG_COMPILER_APPICON_NAME = AppIcon;
				INFOPLIST_FILE = KKPopupView/Info.plist;
				LD_RUNPATH_SEARCH_PATHS = "$(inherited) @executable_path/Frameworks";
				PRODUCT_BUNDLE_IDENTIFIER = kenankarakecili.KKPopupView;
				PRODUCT_NAME = "$(TARGET_NAME)";
				SWIFT_VERSION = 3.0;
			};
			name = Debug;
		};
		367046761DD56F660003D5F9 /* Release */ = {
			isa = XCBuildConfiguration;
			buildSettings = {
				ASSETCATALOG_COMPILER_APPICON_NAME = AppIcon;
				INFOPLIST_FILE = KKPopupView/Info.plist;
				LD_RUNPATH_SEARCH_PATHS = "$(inherited) @executable_path/Frameworks";
				PRODUCT_BUNDLE_IDENTIFIER = kenankarakecili.KKPopupView;
				PRODUCT_NAME = "$(TARGET_NAME)";
				SWIFT_VERSION = 3.0;
			};
			name = Release;
		};
/* End XCBuildConfiguration section */

/* Begin XCConfigurationList section */
		3670465D1DD56F660003D5F9 /* Build configuration list for PBXProject "KKPopupView" */ = {
			isa = XCConfigurationList;
			buildConfigurations = (
				367046721DD56F660003D5F9 /* Debug */,
				367046731DD56F660003D5F9 /* Release */,
			);
			defaultConfigurationIsVisible = 0;
			defaultConfigurationName = Release;
		};
		367046741DD56F660003D5F9 /* Build configuration list for PBXNativeTarget "KKPopupView" */ = {
			isa = XCConfigurationList;
			buildConfigurations = (
				367046751DD56F660003D5F9 /* Debug */,
				367046761DD56F660003D5F9 /* Release */,
			);
			defaultConfigurationIsVisible = 0;
		};
/* End XCConfigurationList section */
	};
	rootObject = 3670465A1DD56F660003D5F9 /* Project object */;
}
